
Microsoft Visual Studio Solution File, Format Version 12.00
# Visual Studio Version 16
VisualStudioVersion = 16.0.29806.167
MinimumVisualStudioVersion = 10.0.40219.1
Project("{9A19103F-16F7-4668-BE54-9A1E7A4F7556}") = "F1_2020_ResultOutput", "F1_2020_ResultOutput.csproj", "{DBD5A1A0-30F9-4926-9325-CFE5D86AEE23}"
EndProject
Global
	GlobalSection(SolutionConfigurationPlatforms) = preSolution
		Debug|Any CPU = Debug|Any CPU
		Release|Any CPU = Release|Any CPU
	EndGlobalSection
	GlobalSection(ProjectConfigurationPlatforms) = postSolution
		{DBD5A1A0-30F9-4926-9325-CFE5D86AEE23}.Debug|Any CPU.ActiveCfg = Debug|Any CPU
		{DBD5A1A0-30F9-4926-9325-CFE5D86AEE23}.Debug|Any CPU.Build.0 = Debug|Any CPU
		{DBD5A1A0-30F9-4926-9325-CFE5D86AEE23}.Release|Any CPU.ActiveCfg = Release|Any CPU
		{DBD5A1A0-30F9-4926-9325-CFE5D86AEE23}.Release|Any CPU.Build.0 = Release|Any CPU
	EndGlobalSection
	GlobalSection(SolutionProperties) = preSolution
		HideSolutionNode = FALSE
	EndGlobalSection
	GlobalSection(ExtensibilityGlobals) = postSolution
		SolutionGuid = {BAE02885-6FC5-4239-B3D9-BF99C182B3DC}
	EndGlobalSection
EndGlobal
